{
  "name": "build-test-tree",
  "version": "1.0.0",
  "lockfileVersion": 2,
  "requires": true,
  "packages": {
    "": {
      "name": "build-test-tree",
      "version": "1.0.0",
      "license": "ISC",
      "dependencies": {
        "@types/node": "^16.11.7",
        "@types/parse-torrent": "^5.8.4",
        "parse-torrent": "^9.1.4",
        "typescript": "^4.4.4"
      }
    },
    "node_modules/@types/magnet-uri": {
      "version": "5.1.3",
      "resolved": "https://registry.npmjs.org/@types/magnet-uri/-/magnet-uri-5.1.3.tgz",
      "integrity": "sha512-FvJN1yYdLhvU6zWJ2YnWQ2GnpFLsA8bt+85WY0tLh6ehzGNrvBorjlcc53/zY43r/IKn+ctFs1nt7andwGnQCQ==",
      "dependencies": {
        "@types/node": "*"
      }
    },
    "node_modules/@types/node": {
      "version": "16.11.7",
      "resolved": "https://registry.npmjs.org/@types/node/-/node-16.11.7.tgz",
      "integrity": "sha512-QB5D2sqfSjCmTuWcBWyJ+/44bcjO7VbjSbOE0ucoVbAsSNQc4Lt6QkgkVXkTDwkL4z/beecZNDvVX15D4P8Jbw=="
    },
    "node_modules/@types/parse-torrent": {
      "version": "5.8.4",
      "resolved": "https://registry.npmjs.org/@types/parse-torrent/-/parse-torrent-5.8.4.tgz",
      "integrity": "sha512-FdKs5yN5iYO5Cu9gVz1Zl30CbZe6HTsqloWmCf+LfbImgSzlsUkov2+npQWCQSQ3zi/a2G5C824K0UpZ2sRufA==",
      "dependencies": {
        "@types/magnet-uri": "*",
        "@types/node": "*",
        "@types/parse-torrent-file": "*"
      }
    },
    "node_modules/@types/parse-torrent-file": {
      "version": "4.0.3",
      "resolved": "https://registry.npmjs.org/@types/parse-torrent-file/-/parse-torrent-file-4.0.3.tgz",
      "integrity": "sha512-dFkPnJPKiFWiGX+HXmyTVt2js3k0d9dThmUxX8nfGC22hbyZ5BTmetsEl45sQhHLcFo43njVrIKMXM3F1ahXRw==",
      "dependencies": {
        "@types/node": "*"
      }
    },
    "node_modules/bencode": {
      "version": "2.0.2",
      "resolved": "https://registry.npmjs.org/bencode/-/bencode-2.0.2.tgz",
      "integrity": "sha512-0ilVjnE2diLdbec/3KN14SP0KE85wh8v/FceNRMbAB2ioc3yTj9tgqdoK9tFEH++TZ10JreTS29qTwg7+SpTiQ=="
    },
    "node_modules/bep53-range": {
      "version": "1.1.1",
      "resolved": "https://registry.npmjs.org/bep53-range/-/bep53-range-1.1.1.tgz",
      "integrity": "sha512-ct6s33iiwRCUPp9KXnJ4QMWDgHIgaw36caK/5XEQ9L8dCzSQlJt1Vk6VmHh1VD4AlGCAI4C2zmtfItifBBPrhQ=="
    },
    "node_modules/blob-to-buffer": {
      "version": "1.2.9",
      "resolved": "https://registry.npmjs.org/blob-to-buffer/-/blob-to-buffer-1.2.9.tgz",
      "integrity": "sha512-BF033y5fN6OCofD3vgHmNtwZWRcq9NLyyxyILx9hfMy1sXYy4ojFl765hJ2lP0YaN2fuxPaLO2Vzzoxy0FLFFA==",
      "funding": [
        {
          "type": "github",
          "url": "https://github.com/sponsors/feross"
        },
        {
          "type": "patreon",
          "url": "https://www.patreon.com/feross"
        },
        {
          "type": "consulting",
          "url": "https://feross.org/support"
        }
      ]
    },
    "node_modules/decompress-response": {
      "version": "6.0.0",
      "resolved": "https://registry.npmjs.org/decompress-response/-/decompress-response-6.0.0.tgz",
      "integrity": "sha512-aW35yZM6Bb/4oJlZncMH2LCoZtJXTRxES17vE3hoRiowU2kWHaJKFkSBDnDR+cm9J+9QhXmREyIfv0pji9ejCQ==",
      "dependencies": {
        "mimic-response": "^3.1.0"
      },
      "engines": {
        "node": ">=10"
      },
      "funding": {
        "url": "https://github.com/sponsors/sindresorhus"
      }
    },
    "node_modules/get-stdin": {
      "version": "8.0.0",
      "resolved": "https://registry.npmjs.org/get-stdin/-/get-stdin-8.0.0.tgz",
      "integrity": "sha512-sY22aA6xchAzprjyqmSEQv4UbAAzRN0L2dQB0NlN5acTTK9Don6nhoc3eAbUnpZiCANAMfd/+40kVdKfFygohg==",
      "engines": {
        "node": ">=10"
      },
      "funding": {
        "url": "https://github.com/sponsors/sindresorhus"
      }
    },
    "node_modules/magnet-uri": {
      "version": "6.2.0",
      "resolved": "https://registry.npmjs.org/magnet-uri/-/magnet-uri-6.2.0.tgz",
      "integrity": "sha512-O9AgdDwT771fnUj0giPYu/rACpz8173y8UXCSOdLITjOVfBenZ9H9q3FqQmveK+ORUMuD+BkKNSZP8C3+IMAKQ==",
      "funding": [
        {
          "type": "github",
          "url": "https://github.com/sponsors/feross"
        },
        {
          "type": "patreon",
          "url": "https://www.patreon.com/feross"
        },
        {
          "type": "consulting",
          "url": "https://feross.org/support"
        }
      ],
      "dependencies": {
        "bep53-range": "^1.1.0",
        "thirty-two": "^1.0.2"
      }
    },
    "node_modules/mimic-response": {
      "version": "3.1.0",
      "resolved": "https://registry.npmjs.org/mimic-response/-/mimic-response-3.1.0.tgz",
      "integrity": "sha512-z0yWI+4FDrrweS8Zmt4Ej5HdJmky15+L2e6Wgn3+iK5fWzb6T3fhNFq2+MeTRb064c6Wr4N/wv0DzQTjNzHNGQ==",
      "engines": {
        "node": ">=10"
      },
      "funding": {
        "url": "https://github.com/sponsors/sindresorhus"
      }
    },
    "node_modules/once": {
      "version": "1.4.0",
      "resolved": "https://registry.npmjs.org/once/-/once-1.4.0.tgz",
      "integrity": "sha1-WDsap3WWHUsROsF9nFC6753Xa9E=",
      "dependencies": {
        "wrappy": "1"
      }
    },
    "node_modules/parse-torrent": {
      "version": "9.1.4",
      "resolved": "https://registry.npmjs.org/parse-torrent/-/parse-torrent-9.1.4.tgz",
      "integrity": "sha512-NSlG8ewolqfcEWevUUsrpvxzVWYGaKWwPHMcXTAV2qYYo6pPugVOacQXt8uDlEYh23Ituz+A9pAZK5YaXTV8Pg==",
      "funding": [
        {
          "type": "github",
          "url": "https://github.com/sponsors/feross"
        },
        {
          "type": "patreon",
          "url": "https://www.patreon.com/feross"
        },
        {
          "type": "consulting",
          "url": "https://feross.org/support"
        }
      ],
      "dependencies": {
        "bencode": "^2.0.2",
        "blob-to-buffer": "^1.2.9",
        "get-stdin": "^8.0.0",
        "magnet-uri": "^6.2.0",
        "queue-microtask": "^1.2.3",
        "simple-get": "^4.0.0",
        "simple-sha1": "^3.1.0"
      },
      "bin": {
        "parse-torrent": "bin/cmd.js"
      }
    },
    "node_modules/queue-microtask": {
      "version": "1.2.3",
      "resolved": "https://registry.npmjs.org/queue-microtask/-/queue-microtask-1.2.3.tgz",
      "integrity": "sha512-NuaNSa6flKT5JaSYQzJok04JzTL1CA6aGhv5rfLW3PgqA+M2ChpZQnAC8h8i4ZFkBS8X5RqkDBHA7r4hej3K9A==",
      "funding": [
        {
          "type": "github",
          "url": "https://github.com/sponsors/feross"
        },
        {
          "type": "patreon",
          "url": "https://www.patreon.com/feross"
        },
        {
          "type": "consulting",
          "url": "https://feross.org/support"
        }
      ]
    },
    "node_modules/rusha": {
      "version": "0.8.14",
      "resolved": "https://registry.npmjs.org/rusha/-/rusha-0.8.14.tgz",
      "integrity": "sha512-cLgakCUf6PedEu15t8kbsjnwIFFR2D4RfL+W3iWFJ4iac7z4B0ZI8fxy4R3J956kAI68HclCFGL8MPoUVC3qVA=="
    },
    "node_modules/simple-concat": {
      "version": "1.0.1",
      "resolved": "https://registry.npmjs.org/simple-concat/-/simple-concat-1.0.1.tgz",
      "integrity": "sha512-cSFtAPtRhljv69IK0hTVZQ+OfE9nePi/rtJmw5UjHeVyVroEqJXP1sFztKUy1qU+xvz3u/sfYJLa947b7nAN2Q==",
      "funding": [
        {
          "type": "github",
          "url": "https://github.com/sponsors/feross"
        },
        {
          "type": "patreon",
          "url": "https://www.patreon.com/feross"
        },
        {
          "type": "consulting",
          "url": "https://feross.org/support"
        }
      ]
    },
    "node_modules/simple-get": {
      "version": "4.0.0",
      "resolved": "https://registry.npmjs.org/simple-get/-/simple-get-4.0.0.tgz",
      "integrity": "sha512-ZalZGexYr3TA0SwySsr5HlgOOinS4Jsa8YB2GJ6lUNAazyAu4KG/VmzMTwAt2YVXzzVj8QmefmAonZIK2BSGcQ==",
      "funding": [
        {
          "type": "github",
          "url": "https://github.com/sponsors/feross"
        },
        {
          "type": "patreon",
          "url": "https://www.patreon.com/feross"
        },
        {
          "type": "consulting",
          "url": "https://feross.org/support"
        }
      ],
      "dependencies": {
        "decompress-response": "^6.0.0",
        "once": "^1.3.1",
        "simple-concat": "^1.0.0"
      }
    },
    "node_modules/simple-sha1": {
      "version": "3.1.0",
      "resolved": "https://registry.npmjs.org/simple-sha1/-/simple-sha1-3.1.0.tgz",
      "integrity": "sha512-ArTptMRC1v08H8ihPD6l0wesKvMfF9e8XL5rIHPanI7kGOsSsbY514MwVu6X1PITHCTB2F08zB7cyEbfc4wQjg==",
      "dependencies": {
        "queue-microtask": "^1.2.2",
        "rusha": "^0.8.13"
      }
    },
    "node_modules/thirty-two": {
      "version": "1.0.2",
      "resolved": "https://registry.npmjs.org/thirty-two/-/thirty-two-1.0.2.tgz",
      "integrity": "sha1-TKL//AKlEpDSdEueP1V2k8prYno=",
      "engines": {
        "node": ">=0.2.6"
      }
    },
    "node_modules/typescript": {
      "version": "4.4.4",
      "resolved": "https://registry.npmjs.org/typescript/-/typescript-4.4.4.tgz",
      "integrity": "sha512-DqGhF5IKoBl8WNf8C1gu8q0xZSInh9j1kJJMqT3a94w1JzVaBU4EXOSMrz9yDqMT0xt3selp83fuFMQ0uzv6qA==",
      "bin": {
        "tsc": "bin/tsc",
        "tsserver": "bin/tsserver"
      },
      "engines": {
        "node": ">=4.2.0"
      }
    },
    "node_modules/wrappy": {
      "version": "1.0.2",
      "resolved": "https://registry.npmjs.org/wrappy/-/wrappy-1.0.2.tgz",
      "integrity": "sha1-tSQ9jz7BqjXxNkYFvA0QNuMKtp8="
    }
  },
  "dependencies": {
    "@types/magnet-uri": {
      "version": "5.1.3",
      "resolved": "https://registry.npmjs.org/@types/magnet-uri/-/magnet-uri-5.1.3.tgz",
      "integrity": "sha512-FvJN1yYdLhvU6zWJ2YnWQ2GnpFLsA8bt+85WY0tLh6ehzGNrvBorjlcc53/zY43r/IKn+ctFs1nt7andwGnQCQ==",
      "requires": {
        "@types/node": "*"
      }
    },
    "@types/node": {
      "version": "16.11.7",
      "resolved": "https://registry.npmjs.org/@types/node/-/node-16.11.7.tgz",
      "integrity": "sha512-QB5D2sqfSjCmTuWcBWyJ+/44bcjO7VbjSbOE0ucoVbAsSNQc4Lt6QkgkVXkTDwkL4z/beecZNDvVX15D4P8Jbw=="
    },
    "@types/parse-torrent": {
      "version": "5.8.4",
      "resolved": "https://registry.npmjs.org/@types/parse-torrent/-/parse-torrent-5.8.4.tgz",
      "integrity": "sha512-FdKs5yN5iYO5Cu9gVz1Zl30CbZe6HTsqloWmCf+LfbImgSzlsUkov2+npQWCQSQ3zi/a2G5C824K0UpZ2sRufA==",
      "requires": {
        "@types/magnet-uri": "*",
        "@types/node": "*",
        "@types/parse-torrent-file": "*"
      }
    },
    "@types/parse-torrent-file": {
      "version": "4.0.3",
      "resolved": "https://registry.npmjs.org/@types/parse-torrent-file/-/parse-torrent-file-4.0.3.tgz",
      "integrity": "sha512-dFkPnJPKiFWiGX+HXmyTVt2js3k0d9dThmUxX8nfGC22hbyZ5BTmetsEl45sQhHLcFo43njVrIKMXM3F1ahXRw==",
      "requires": {
        "@types/node": "*"
      }
    },
    "bencode": {
      "version": "2.0.2",
      "resolved": "https://registry.npmjs.org/bencode/-/bencode-2.0.2.tgz",
      "integrity": "sha512-0ilVjnE2diLdbec/3KN14SP0KE85wh8v/FceNRMbAB2ioc3yTj9tgqdoK9tFEH++TZ10JreTS29qTwg7+SpTiQ=="
    },
    "bep53-range": {
      "version": "1.1.1",
      "resolved": "https://registry.npmjs.org/bep53-range/-/bep53-range-1.1.1.tgz",
      "integrity": "sha512-ct6s33iiwRCUPp9KXnJ4QMWDgHIgaw36caK/5XEQ9L8dCzSQlJt1Vk6VmHh1VD4AlGCAI4C2zmtfItifBBPrhQ=="
    },
    "blob-to-buffer": {
      "version": "1.2.9",
      "resolved": "https://registry.npmjs.org/blob-to-buffer/-/blob-to-buffer-1.2.9.tgz",
      "integrity": "sha512-BF033y5fN6OCofD3vgHmNtwZWRcq9NLyyxyILx9hfMy1sXYy4ojFl765hJ2lP0YaN2fuxPaLO2Vzzoxy0FLFFA=="
    },
    "decompress-response": {
      "version": "6.0.0",
      "resolved": "https://registry.npmjs.org/decompress-response/-/decompress-response-6.0.0.tgz",
      "integrity": "sha512-aW35yZM6Bb/4oJlZncMH2LCoZtJXTRxES17vE3hoRiowU2kWHaJKFkSBDnDR+cm9J+9QhXmREyIfv0pji9ejCQ==",
      "requires": {
        "mimic-response": "^3.1.0"
      }
    },
    "get-stdin": {
      "version": "8.0.0",
      "resolved": "https://registry.npmjs.org/get-stdin/-/get-stdin-8.0.0.tgz",
      "integrity": "sha512-sY22aA6xchAzprjyqmSEQv4UbAAzRN0L2dQB0NlN5acTTK9Don6nhoc3eAbUnpZiCANAMfd/+40kVdKfFygohg=="
    },
    "magnet-uri": {
      "version": "6.2.0",
      "resolved": "https://registry.npmjs.org/magnet-uri/-/magnet-uri-6.2.0.tgz",
      "integrity": "sha512-O9AgdDwT771fnUj0giPYu/rACpz8173y8UXCSOdLITjOVfBenZ9H9q3FqQmveK+ORUMuD+BkKNSZP8C3+IMAKQ==",
      "requires": {
        "bep53-range": "^1.1.0",
        "thirty-two": "^1.0.2"
      }
    },
    "mimic-response": {
      "version": "3.1.0",
      "resolved": "https://registry.npmjs.org/mimic-response/-/mimic-response-3.1.0.tgz",
      "integrity": "sha512-z0yWI+4FDrrweS8Zmt4Ej5HdJmky15+L2e6Wgn3+iK5fWzb6T3fhNFq2+MeTRb064c6Wr4N/wv0DzQTjNzHNGQ=="
    },
    "once": {
      "version": "1.4.0",
      "resolved": "https://registry.npmjs.org/once/-/once-1.4.0.tgz",
      "integrity": "sha1-WDsap3WWHUsROsF9nFC6753Xa9E=",
      "requires": {
        "wrappy": "1"
      }
    },
    "parse-torrent": {
      "version": "9.1.4",
      "resolved": "https://registry.npmjs.org/parse-torrent/-/parse-torrent-9.1.4.tgz",
      "integrity": "sha512-NSlG8ewolqfcEWevUUsrpvxzVWYGaKWwPHMcXTAV2qYYo6pPugVOacQXt8uDlEYh23Ituz+A9pAZK5YaXTV8Pg==",
      "requires": {
        "bencode": "^2.0.2",
        "blob-to-buffer": "^1.2.9",
        "get-stdin": "^8.0.0",
        "magnet-uri": "^6.2.0",
        "queue-microtask": "^1.2.3",
        "simple-get": "^4.0.0",
        "simple-sha1": "^3.1.0"
      }
    },
    "queue-microtask": {
      "version": "1.2.3",
      "resolved": "https://registry.npmjs.org/queue-microtask/-/queue-microtask-1.2.3.tgz",
      "integrity": "sha512-NuaNSa6flKT5JaSYQzJok04JzTL1CA6aGhv5rfLW3PgqA+M2ChpZQnAC8h8i4ZFkBS8X5RqkDBHA7r4hej3K9A=="
    },
    "rusha": {
      "version": "0.8.14",
      "resolved": "https://registry.npmjs.org/rusha/-/rusha-0.8.14.tgz",
      "integrity": "sha512-cLgakCUf6PedEu15t8kbsjnwIFFR2D4RfL+W3iWFJ4iac7z4B0ZI8fxy4R3J956kAI68HclCFGL8MPoUVC3qVA=="
    },
    "simple-concat": {
      "version": "1.0.1",
      "resolved": "https://registry.npmjs.org/simple-concat/-/simple-concat-1.0.1.tgz",
      "integrity": "sha512-cSFtAPtRhljv69IK0hTVZQ+OfE9nePi/rtJmw5UjHeVyVroEqJXP1sFztKUy1qU+xvz3u/sfYJLa947b7nAN2Q=="
    },
    "simple-get": {
      "version": "4.0.0",
      "resolved": "https://registry.npmjs.org/simple-get/-/simple-get-4.0.0.tgz",
      "integrity": "sha512-ZalZGexYr3TA0SwySsr5HlgOOinS4Jsa8YB2GJ6lUNAazyAu4KG/VmzMTwAt2YVXzzVj8QmefmAonZIK2BSGcQ==",
      "requires": {
        "decompress-response": "^6.0.0",
        "once": "^1.3.1",
        "simple-concat": "^1.0.0"
      }
    },
    "simple-sha1": {
      "version": "3.1.0",
      "resolved": "https://registry.npmjs.org/simple-sha1/-/simple-sha1-3.1.0.tgz",
      "integrity": "sha512-ArTptMRC1v08H8ihPD6l0wesKvMfF9e8XL5rIHPanI7kGOsSsbY514MwVu6X1PITHCTB2F08zB7cyEbfc4wQjg==",
      "requires": {
        "queue-microtask": "^1.2.2",
        "rusha": "^0.8.13"
      }
    },
    "thirty-two": {
      "version": "1.0.2",
      "resolved": "https://registry.npmjs.org/thirty-two/-/thirty-two-1.0.2.tgz",
      "integrity": "sha1-TKL//AKlEpDSdEueP1V2k8prYno="
    },
    "typescript": {
      "version": "4.4.4",
      "resolved": "https://registry.npmjs.org/typescript/-/typescript-4.4.4.tgz",
      "integrity": "sha512-DqGhF5IKoBl8WNf8C1gu8q0xZSInh9j1kJJMqT3a94w1JzVaBU4EXOSMrz9yDqMT0xt3selp83fuFMQ0uzv6qA=="
    },
    "wrappy": {
      "version": "1.0.2",
      "resolved": "https://registry.npmjs.org/wrappy/-/wrappy-1.0.2.tgz",
      "integrity": "sha1-tSQ9jz7BqjXxNkYFvA0QNuMKtp8="
    }
  }
}
